
Microsoft Visual Studio Solution File, Format Version 10.00
# Visual Studio 2008
Project("{FAE04EC0-301F-11D3-BF4B-00C04F79EFBC}") = "RankUpdater", "RankUpdater\RankUpdater.csproj", "{590627DB-3BFF-4B78-9DA1-BD70DB4C964C}"
EndProject
Global
	GlobalSection(SolutionConfigurationPlatforms) = preSolution
		Debug|Any CPU = Debug|Any CPU
		Release|Any CPU = Release|Any CPU
	EndGlobalSection
	GlobalSection(ProjectConfigurationPlatforms) = postSolution
		{590627DB-3BFF-4B78-9DA1-BD70DB4C964C}.Debug|Any CPU.ActiveCfg = Debug|Any CPU
		{590627DB-3BFF-4B78-9DA1-BD70DB4C964C}.Debug|Any CPU.Build.0 = Debug|Any CPU
		{590627DB-3BFF-4B78-9DA1-BD70DB4C964C}.Release|Any CPU.ActiveCfg = Release|Any CPU
		{590627DB-3BFF-4B78-9DA1-BD70DB4C964C}.Release|Any CPU.Build.0 = Release|Any CPU
	EndGlobalSection
	GlobalSection(SolutionProperties) = preSolution
		HideSolutionNode = FALSE
	EndGlobalSection
EndGlobal
